
Microsoft Visual Studio Solution File, Format Version 12.00
# Visual Studio Version 17
VisualStudioVersion = 17.4.33213.308
MinimumVisualStudioVersion = 10.0.40219.1
Project("{FAE04EC0-301F-11D3-BF4B-00C04F79EFBC}") = "Xamarin.AndroidX.AppCompat.AppCompatResources", "Xamarin.AndroidX.AppCompat.AppCompatResources\Xamarin.AndroidX.AppCompat.AppCompatResources.csproj", "{C5438695-A614-4496-976E-82F83656F0C7}"
EndProject
Global
	GlobalSection(SolutionConfigurationPlatforms) = preSolution
		Debug|Any CPU = Debug|Any CPU
		Release|Any CPU = Release|Any CPU
	EndGlobalSection
	GlobalSection(ProjectConfigurationPlatforms) = postSolution
		{C5438695-A614-4496-976E-82F83656F0C7}.Debug|Any CPU.ActiveCfg = Debug|Any CPU
		{C5438695-A614-4496-976E-82F83656F0C7}.Debug|Any CPU.Build.0 = Debug|Any CPU
		{C5438695-A614-4496-976E-82F83656F0C7}.Release|Any CPU.ActiveCfg = Release|Any CPU
		{C5438695-A614-4496-976E-82F83656F0C7}.Release|Any CPU.Build.0 = Release|Any CPU
	EndGlobalSection
	GlobalSection(SolutionProperties) = preSolution
		HideSolutionNode = FALSE
	EndGlobalSection
	GlobalSection(ExtensibilityGlobals) = postSolution
		SolutionGuid = {7B7D48E3-77C1-4401-96E9-11745EB7A3B3}
	EndGlobalSection
EndGlobal
